
Microsoft Visual Studio Solution File, Format Version 12.00
# Visual Studio 2012
Project("{FAE04EC0-301F-11D3-BF4B-00C04F79EFBC}") = "NGrok", "NGrok\NGrok.csproj", "{68AF1D48-89B3-4BE3-9F64-25465F5830A6}"
EndProject
Project("{FAE04EC0-301F-11D3-BF4B-00C04F79EFBC}") = "NGrokTest", "NGrokTest\NGrokTest.csproj", "{31CC4BBC-4F8C-458A-8090-7313F3F0FF0E}"
EndProject
Global
	GlobalSection(SolutionConfigurationPlatforms) = preSolution
		Debug|Any CPU = Debug|Any CPU
		Release|Any CPU = Release|Any CPU
	EndGlobalSection
	GlobalSection(ProjectConfigurationPlatforms) = postSolution
		{68AF1D48-89B3-4BE3-9F64-25465F5830A6}.Debug|Any CPU.ActiveCfg = Debug|Any CPU
		{68AF1D48-89B3-4BE3-9F64-25465F5830A6}.Debug|Any CPU.Build.0 = Debug|Any CPU
		{68AF1D48-89B3-4BE3-9F64-25465F5830A6}.Release|Any CPU.ActiveCfg = Release|Any CPU
		{68AF1D48-89B3-4BE3-9F64-25465F5830A6}.Release|Any CPU.Build.0 = Release|Any CPU
		{31CC4BBC-4F8C-458A-8090-7313F3F0FF0E}.Debug|Any CPU.ActiveCfg = Debug|Any CPU
		{31CC4BBC-4F8C-458A-8090-7313F3F0FF0E}.Debug|Any CPU.Build.0 = Debug|Any CPU
		{31CC4BBC-4F8C-458A-8090-7313F3F0FF0E}.Release|Any CPU.ActiveCfg = Release|Any CPU
		{31CC4BBC-4F8C-458A-8090-7313F3F0FF0E}.Release|Any CPU.Build.0 = Release|Any CPU
	EndGlobalSection
	GlobalSection(SolutionProperties) = preSolution
		HideSolutionNode = FALSE
	EndGlobalSection
EndGlobal
